// !$*UTF8*$!
{
	archiveVersion = 1;
	classes = {
	};
	objectVersion = 77;
	objects = {

/* Begin PBXBuildFile section */
		BE5250702ECA477300D9E349 /* GoogleSignIn in Frameworks */ = {isa = PBXBuildFile; productRef = BE52506F2ECA477300D9E349 /* GoogleSignIn */; };
		BE5250722ECA477300D9E349 /* GoogleSignInSwift in Frameworks */ = {isa = PBXBuildFile; productRef = BE5250712ECA477300D9E349 /* GoogleSignInSwift */; };
		BE55543B2ECA605200EA3D83 /* FirebaseAuth in Frameworks */ = {isa = PBXBuildFile; productRef = BE55543A2ECA605200EA3D83 /* FirebaseAuth */; };
		BE55543D2ECA605200EA3D83 /* FirebaseCore in Frameworks */ = {isa = PBXBuildFile; productRef = BE55543C2ECA605200EA3D83 /* FirebaseCore */; };
		BE55543F2ECA605200EA3D83 /* FirebaseDatabase in Frameworks */ = {isa = PBXBuildFile; productRef = BE55543E2ECA605200EA3D83 /* FirebaseDatabase */; };
		BE5554412ECA605200EA3D83 /* FirebaseFirestore in Frameworks */ = {isa = PBXBuildFile; productRef = BE5554402ECA605200EA3D83 /* FirebaseFirestore */; };
		BE5554432ECA605200EA3D83 /* FirebaseFunctions in Frameworks */ = {isa = PBXBuildFile; productRef = BE5554422ECA605200EA3D83 /* FirebaseFunctions */; };
		BE5554492ECA605200EA3D83 /* FirebaseStorage in Frameworks */ = {isa = PBXBuildFile; productRef = BE5554482ECA605200EA3D83 /* FirebaseStorage */; };
		BEF7E3D22EC7697A00D584F4 /* FirebaseAuth in Frameworks */ = {isa = PBXBuildFile; productRef = BEF7E3D12EC7697A00D584F4 /* FirebaseAuth */; };
		BEF7E3D42EC7697A00D584F4 /* FirebaseCore in Frameworks */ = {isa = PBXBuildFile; productRef = BEF7E3D32EC7697A00D584F4 /* FirebaseCore */; };
		BEF7E3D62EC7697A00D584F4 /* FirebaseDatabase in Frameworks */ = {isa = PBXBuildFile; productRef = BEF7E3D52EC7697A00D584F4 /* FirebaseDatabase */; };
		BEF7E3D82EC7697A00D584F4 /* FirebaseFirestore in Frameworks */ = {isa = PBXBuildFile; productRef = BEF7E3D72EC7697A00D584F4 /* FirebaseFirestore */; };
		BEF7E3DA2EC7697A00D584F4 /* FirebaseFirestoreCombine-Community in Frameworks */ = {isa = PBXBuildFile; productRef = BEF7E3D92EC7697A00D584F4 /* FirebaseFirestoreCombine-Community */; };
		BEF7E3DC2EC7697A00D584F4 /* FirebaseFunctions in Frameworks */ = {isa = PBXBuildFile; productRef = BEF7E3DB2EC7697A00D584F4 /* FirebaseFunctions */; };
		BEF7E3E22EC7697A00D584F4 /* FirebaseStorage in Frameworks */ = {isa = PBXBuildFile; productRef = BEF7E3E12EC7697A00D584F4 /* FirebaseStorage */; };
/* End PBXBuildFile section */

/* Begin PBXFileReference section */
		BEA0CEA62EC736F300A59C59 /* Recall.app */ = {isa = PBXFileReference; explicitFileType = wrapper.application; includeInIndex = 0; path = Recall.app; sourceTree = BUILT_PRODUCTS_DIR; };
/* End PBXFileReference section */

/* Begin PBXFileSystemSynchronizedBuildFileExceptionSet section */
		BEF7E4262EC7912D00D584F4 /* Exceptions for "Recall" folder in "Recall" target */ = {
			isa = PBXFileSystemSynchronizedBuildFileExceptionSet;
			membershipExceptions = (
				Info.plist,
			);
			target = BEA0CEA52EC736F300A59C59 /* Recall */;
		};
/* End PBXFileSystemSynchronizedBuildFileExceptionSet section */

/* Begin PBXFileSystemSynchronizedRootGroup section */
		BEA0CEA82EC736F300A59C59 /* Recall */ = {
			isa = PBXFileSystemSynchronizedRootGroup;
			exceptions = (
				BEF7E4262EC7912D00D584F4 /* Exceptions for "Recall" folder in "Recall" target */,
			);
			path = Recall;
			sourceTree = "<group>";
		};
/* End PBXFileSystemSynchronizedRootGroup section */

/* Begin PBXFrameworksBuildPhase section */
		BEA0CEA32EC736F300A59C59 /* Frameworks */ = {
			isa = PBXFrameworksBuildPhase;
			buildActionMask = 2147483647;
			files = (
				BEF7E3D62EC7697A00D584F4 /* FirebaseDatabase in Frameworks */,
				BEF7E3E22EC7697A00D584F4 /* FirebaseStorage in Frameworks */,
				BEF7E3D82EC7697A00D584F4 /* FirebaseFirestore in Frameworks */,
				BE5250702ECA477300D9E349 /* GoogleSignIn in Frameworks */,
				BEF7E3D42EC7697A00D584F4 /* FirebaseCore in Frameworks */,
				BE5554492ECA605200EA3D83 /* FirebaseStorage in Frameworks */,
				BE55543B2ECA605200EA3D83 /* FirebaseAuth in Frameworks */,
				BE5554412ECA605200EA3D83 /* FirebaseFirestore in Frameworks */,
				BE55543D2ECA605200EA3D83 /* FirebaseCore in Frameworks */,
				BEF7E3DC2EC7697A00D584F4 /* FirebaseFunctions in Frameworks */,
				BE5554432ECA605200EA3D83 /* FirebaseFunctions in Frameworks */,
				BEF7E3DA2EC7697A00D584F4 /* FirebaseFirestoreCombine-Community in Frameworks */,
				BEF7E3D22EC7697A00D584F4 /* FirebaseAuth in Frameworks */,
				BE55543F2ECA605200EA3D83 /* FirebaseDatabase in Frameworks */,
				BE5250722ECA477300D9E349 /* GoogleSignInSwift in Frameworks */,
			);
			runOnlyForDeploymentPostprocessing = 0;
		};
/* End PBXFrameworksBuildPhase section */

/* Begin PBXGroup section */
		BEA0CE9D2EC736F300A59C59 = {
			isa = PBXGroup;
			children = (
				BEA0CEA82EC736F300A59C59 /* Recall */,
				BEA0CEA72EC736F300A59C59 /* Products */,
			);
			sourceTree = "<group>";
		};
		BEA0CEA72EC736F300A59C59 /* Products */ = {
			isa = PBXGroup;
			children = (
				BEA0CEA62EC736F300A59C59 /* Recall.app */,
			);
			name = Products;
			sourceTree = "<group>";
		};
/* End PBXGroup section */

/* Begin PBXNativeTarget section */
		BEA0CEA52EC736F300A59C59 /* Recall */ = {
			isa = PBXNativeTarget;
			buildConfigurationList = BEA0CEB12EC736F500A59C59 /* Build configuration list for PBXNativeTarget "Recall" */;
			buildPhases = (
				BEA0CEA22EC736F300A59C59 /* Sources */,
				BEA0CEA32EC736F300A59C59 /* Frameworks */,
				BEA0CEA42EC736F300A59C59 /* Resources */,
			);
			buildRules = (
			);
			dependencies = (
			);
			fileSystemSynchronizedGroups = (
				BEA0CEA82EC736F300A59C59 /* Recall */,
			);
			name = Recall;
			packageProductDependencies = (
				BEF7E3D12EC7697A00D584F4 /* FirebaseAuth */,
				BEF7E3D32EC7697A00D584F4 /* FirebaseCore */,
				BEF7E3D52EC7697A00D584F4 /* FirebaseDatabase */,
				BEF7E3D72EC7697A00D584F4 /* FirebaseFirestore */,
				BEF7E3D92EC7697A00D584F4 /* FirebaseFirestoreCombine-Community */,
				BEF7E3DB2EC7697A00D584F4 /* FirebaseFunctions */,
				BEF7E3E12EC7697A00D584F4 /* FirebaseStorage */,
				BE52506F2ECA477300D9E349 /* GoogleSignIn */,
				BE5250712ECA477300D9E349 /* GoogleSignInSwift */,
				BE55543A2ECA605200EA3D83 /* FirebaseAuth */,
				BE55543C2ECA605200EA3D83 /* FirebaseCore */,
				BE55543E2ECA605200EA3D83 /* FirebaseDatabase */,
				BE5554402ECA605200EA3D83 /* FirebaseFirestore */,
				BE5554422ECA605200EA3D83 /* FirebaseFunctions */,
				BE5554442ECA605200EA3D83 /* FirebaseInAppMessaging-Beta */,
				BE5554462ECA605200EA3D83 /* FirebaseMessaging */,
				BE5554482ECA605200EA3D83 /* FirebaseStorage */,
			);
			productName = Recall;
			productReference = BEA0CEA62EC736F300A59C59 /* Recall.app */;
			productType = "com.apple.product-type.application";
		};
/* End PBXNativeTarget section */

/* Begin PBXProject section */
		BEA0CE9E2EC736F300A59C59 /* Project object */ = {
			isa = PBXProject;
			attributes = {
				BuildIndependentTargetsInParallel = 1;
				LastSwiftUpdateCheck = 1640;
				LastUpgradeCheck = 1640;
				TargetAttributes = {
					BEA0CEA52EC736F300A59C59 = {
						CreatedOnToolsVersion = 16.4;
					};
				};
			};
			buildConfigurationList = BEA0CEA12EC736F300A59C59 /* Build configuration list for PBXProject "Recall" */;
			developmentRegion = en;
			hasScannedForEncodings = 0;
			knownRegions = (
				en,
				Base,
			);
			mainGroup = BEA0CE9D2EC736F300A59C59;
			minimizedProjectReferenceProxies = 1;
			packageReferences = (
				BEA0CEBB2EC73E3200A59C59 /* XCRemoteSwiftPackageReference "firebase-ios-sdk" */,
				BE52506E2ECA477300D9E349 /* XCRemoteSwiftPackageReference "GoogleSignIn-iOS" */,
			);
			preferredProjectObjectVersion = 77;
			productRefGroup = BEA0CEA72EC736F300A59C59 /* Products */;
			projectDirPath = "";
			projectRoot = "";
			targets = (
				BEA0CEA52EC736F300A59C59 /* Recall */,
			);
		};
/* End PBXProject section */

/* Begin PBXResourcesBuildPhase section */
		BEA0CEA42EC736F300A59C59 /* Resources */ = {
			isa = PBXResourcesBuildPhase;
			buildActionMask = 2147483647;
			files = (
			);
			runOnlyForDeploymentPostprocessing = 0;
		};
/* End PBXResourcesBuildPhase section */

/* Begin PBXSourcesBuildPhase section */
		BEA0CEA22EC736F300A59C59 /* Sources */ = {
			isa = PBXSourcesBuildPhase;
			buildActionMask = 2147483647;
			files = (
			);
			runOnlyForDeploymentPostprocessing = 0;
		};
/* End PBXSourcesBuildPhase section */

/* Begin XCBuildConfiguration section */
		BEA0CEAF2EC736F500A59C59 /* Debug */ = {
			isa = XCBuildConfiguration;
			buildSettings = {
				ALWAYS_SEARCH_USER_PATHS = NO;
				ASSETCATALOG_COMPILER_GENERATE_SWIFT_ASSET_SYMBOL_EXTENSIONS = YES;
				CLANG_ANALYZER_NONNULL = YES;
				CLANG_ANALYZER_NUMBER_OBJECT_CONVERSION = YES_AGGRESSIVE;
				CLANG_CXX_LANGUAGE_STANDARD = "gnu++20";
				CLANG_ENABLE_MODULES = YES;
				CLANG_ENABLE_OBJC_ARC = YES;
				CLANG_ENABLE_OBJC_WEAK = YES;
				CLANG_WARN_BLOCK_CAPTURE_AUTORELEASING = YES;
				CLANG_WARN_BOOL_CONVERSION = YES;
				CLANG_WARN_COMMA = YES;
				CLANG_WARN_CONSTANT_CONVERSION = YES;
				CLANG_WARN_DEPRECATED_OBJC_IMPLEMENTATIONS = YES;
				CLANG_WARN_DIRECT_OBJC_ISA_USAGE = YES_ERROR;
				CLANG_WARN_DOCUMENTATION_COMMENTS = YES;
				CLANG_WARN_EMPTY_BODY = YES;
				CLANG_WARN_ENUM_CONVERSION = YES;
				CLANG_WARN_INFINITE_RECURSION = YES;
				CLANG_WARN_INT_CONVERSION = YES;
				CLANG_WARN_NON_LITERAL_NULL_CONVERSION = YES;
				CLANG_WARN_OBJC_IMPLICIT_RETAIN_SELF = YES;
				CLANG_WARN_OBJC_LITERAL_CONVERSION = YES;
				CLANG_WARN_OBJC_ROOT_CLASS = YES_ERROR;
				CLANG_WARN_QUOTED_INCLUDE_IN_FRAMEWORK_HEADER = YES;
				CLANG_WARN_RANGE_LOOP_ANALYSIS = YES;
				CLANG_WARN_STRICT_PROTOTYPES = YES;
				CLANG_WARN_SUSPICIOUS_MOVE = YES;
				CLANG_WARN_UNGUARDED_AVAILABILITY = YES_AGGRESSIVE;
				CLANG_WARN_UNREACHABLE_CODE = YES;
				CLANG_WARN__DUPLICATE_METHOD_MATCH = YES;
				COPY_PHASE_STRIP = NO;
				DEBUG_INFORMATION_FORMAT = dwarf;
				DEVELOPMENT_TEAM = DMKB94K3XZ;
				ENABLE_STRICT_OBJC_MSGSEND = YES;
				ENABLE_TESTABILITY = YES;
				ENABLE_USER_SCRIPT_SANDBOXING = YES;
				GCC_C_LANGUAGE_STANDARD = gnu17;
				GCC_DYNAMIC_NO_PIC = NO;
				GCC_NO_COMMON_BLOCKS = YES;
				GCC_OPTIMIZATION_LEVEL = 0;
				GCC_PREPROCESSOR_DEFINITIONS = (
					"DEBUG=1",
					"$(inherited)",
				);
				GCC_WARN_64_TO_32_BIT_CONVERSION = YES;
				GCC_WARN_ABOUT_RETURN_TYPE = YES_ERROR;
				GCC_WARN_UNDECLARED_SELECTOR = YES;
				GCC_WARN_UNINITIALIZED_AUTOS = YES_AGGRESSIVE;
				GCC_WARN_UNUSED_FUNCTION = YES;
				GCC_WARN_UNUSED_VARIABLE = YES;
				IPHONEOS_DEPLOYMENT_TARGET = 18.5;
				LOCALIZATION_PREFERS_STRING_CATALOGS = YES;
				MTL_ENABLE_DEBUG_INFO = INCLUDE_SOURCE;
				MTL_FAST_MATH = YES;
				ONLY_ACTIVE_ARCH = YES;
				SDKROOT = iphoneos;
				SWIFT_ACTIVE_COMPILATION_CONDITIONS = "DEBUG $(inherited)";
				SWIFT_OPTIMIZATION_LEVEL = "-Onone";
			};
			name = Debug;
		};
		BEA0CEB02EC736F500A59C59 /* Release */ = {
			isa = XCBuildConfiguration;
			buildSettings = {
				ALWAYS_SEARCH_USER_PATHS = NO;
				ASSETCATALOG_COMPILER_GENERATE_SWIFT_ASSET_SYMBOL_EXTENSIONS = YES;
				CLANG_ANALYZER_NONNULL = YES;
				CLANG_ANALYZER_NUMBER_OBJECT_CONVERSION = YES_AGGRESSIVE;
				CLANG_CXX_LANGUAGE_STANDARD = "gnu++20";
				CLANG_ENABLE_MODULES = YES;
				CLANG_ENABLE_OBJC_ARC = YES;
				CLANG_ENABLE_OBJC_WEAK = YES;
				CLANG_WARN_BLOCK_CAPTURE_AUTORELEASING = YES;
				CLANG_WARN_BOOL_CONVERSION = YES;
				CLANG_WARN_COMMA = YES;
				CLANG_WARN_CONSTANT_CONVERSION = YES;
				CLANG_WARN_DEPRECATED_OBJC_IMPLEMENTATIONS = YES;
				CLANG_WARN_DIRECT_OBJC_ISA_USAGE = YES_ERROR;
				CLANG_WARN_DOCUMENTATION_COMMENTS = YES;
				CLANG_WARN_EMPTY_BODY = YES;
				CLANG_WARN_ENUM_CONVERSION = YES;
				CLANG_WARN_INFINITE_RECURSION = YES;
				CLANG_WARN_INT_CONVERSION = YES;
				CLANG_WARN_NON_LITERAL_NULL_CONVERSION = YES;
				CLANG_WARN_OBJC_IMPLICIT_RETAIN_SELF = YES;
				CLANG_WARN_OBJC_LITERAL_CONVERSION = YES;
				CLANG_WARN_OBJC_ROOT_CLASS = YES_ERROR;
				CLANG_WARN_QUOTED_INCLUDE_IN_FRAMEWORK_HEADER = YES;
				CLANG_WARN_RANGE_LOOP_ANALYSIS = YES;
				CLANG_WARN_STRICT_PROTOTYPES = YES;
				CLANG_WARN_SUSPICIOUS_MOVE = YES;
				CLANG_WARN_UNGUARDED_AVAILABILITY = YES_AGGRESSIVE;
				CLANG_WARN_UNREACHABLE_CODE = YES;
				CLANG_WARN__DUPLICATE_METHOD_MATCH = YES;
				COPY_PHASE_STRIP = NO;
				DEBUG_INFORMATION_FORMAT = "dwarf-with-dsym";
				DEVELOPMENT_TEAM = DMKB94K3XZ;
				ENABLE_NS_ASSERTIONS = NO;
				ENABLE_STRICT_OBJC_MSGSEND = YES;
				ENABLE_USER_SCRIPT_SANDBOXING = YES;
				GCC_C_LANGUAGE_STANDARD = gnu17;
				GCC_NO_COMMON_BLOCKS = YES;
				GCC_WARN_64_TO_32_BIT_CONVERSION = YES;
				GCC_WARN_ABOUT_RETURN_TYPE = YES_ERROR;
				GCC_WARN_UNDECLARED_SELECTOR = YES;
				GCC_WARN_UNINITIALIZED_AUTOS = YES_AGGRESSIVE;
				GCC_WARN_UNUSED_FUNCTION = YES;
				GCC_WARN_UNUSED_VARIABLE = YES;
				IPHONEOS_DEPLOYMENT_TARGET = 18.5;
				LOCALIZATION_PREFERS_STRING_CATALOGS = YES;
				MTL_ENABLE_DEBUG_INFO = NO;
				MTL_FAST_MATH = YES;
				SDKROOT = iphoneos;
				SWIFT_COMPILATION_MODE = wholemodule;
				VALIDATE_PRODUCT = YES;
			};
			name = Release;
		};
		BEA0CEB22EC736F500A59C59 /* Debug */ = {
			isa = XCBuildConfiguration;
			buildSettings = {
				ASSETCATALOG_COMPILER_APPICON_NAME = AppIcon;
				ASSETCATALOG_COMPILER_GLOBAL_ACCENT_COLOR_NAME = AccentColor;
				CODE_SIGN_STYLE = Automatic;
				CURRENT_PROJECT_VERSION = 1;
				DEVELOPMENT_TEAM = DMKB94K3XZ;
				ENABLE_PREVIEWS = YES;
				GENERATE_INFOPLIST_FILE = YES;
				INFOPLIST_FILE = Recall/Info.plist;
				INFOPLIST_KEY_UIApplicationSceneManifest_Generation = YES;
				INFOPLIST_KEY_UIApplicationSupportsIndirectInputEvents = YES;
				INFOPLIST_KEY_UILaunchScreen_Generation = YES;
				INFOPLIST_KEY_UISupportedInterfaceOrientations_iPad = "UIInterfaceOrientationPortrait UIInterfaceOrientationPortraitUpsideDown UIInterfaceOrientationLandscapeLeft UIInterfaceOrientationLandscapeRight";
				INFOPLIST_KEY_UISupportedInterfaceOrientations_iPhone = "UIInterfaceOrientationPortrait UIInterfaceOrientationLandscapeLeft UIInterfaceOrientationLandscapeRight";
				LD_RUNPATH_SEARCH_PATHS = (
					"$(inherited)",
					"@executable_path/Frameworks",
				);
				MARKETING_VERSION = 1.0;
				PRODUCT_BUNDLE_IDENTIFIER = com.flutterSpirit.Recall;
				PRODUCT_NAME = "$(TARGET_NAME)";
				SWIFT_EMIT_LOC_STRINGS = YES;
				SWIFT_VERSION = 5.0;
				TARGETED_DEVICE_FAMILY = "1,2";
			};
			name = Debug;
		};
		BEA0CEB32EC736F500A59C59 /* Release */ = {
			isa = XCBuildConfiguration;
			buildSettings = {
				ASSETCATALOG_COMPILER_APPICON_NAME = AppIcon;
				ASSETCATALOG_COMPILER_GLOBAL_ACCENT_COLOR_NAME = AccentColor;
				CODE_SIGN_STYLE = Automatic;
				CURRENT_PROJECT_VERSION = 1;
				DEVELOPMENT_TEAM = DMKB94K3XZ;
				ENABLE_PREVIEWS = YES;
				GENERATE_INFOPLIST_FILE = YES;
				INFOPLIST_FILE = Recall/Info.plist;
				INFOPLIST_KEY_UIApplicationSceneManifest_Generation = YES;
				INFOPLIST_KEY_UIApplicationSupportsIndirectInputEvents = YES;
				INFOPLIST_KEY_UILaunchScreen_Generation = YES;
				INFOPLIST_KEY_UISupportedInterfaceOrientations_iPad = "UIInterfaceOrientationPortrait UIInterfaceOrientationPortraitUpsideDown UIInterfaceOrientationLandscapeLeft UIInterfaceOrientationLandscapeRight";
				INFOPLIST_KEY_UISupportedInterfaceOrientations_iPhone = "UIInterfaceOrientationPortrait UIInterfaceOrientationLandscapeLeft UIInterfaceOrientationLandscapeRight";
				LD_RUNPATH_SEARCH_PATHS = (
					"$(inherited)",
					"@executable_path/Frameworks",
				);
				MARKETING_VERSION = 1.0;
				PRODUCT_BUNDLE_IDENTIFIER = com.flutterSpirit.Recall;
				PRODUCT_NAME = "$(TARGET_NAME)";
				SWIFT_EMIT_LOC_STRINGS = YES;
				SWIFT_VERSION = 5.0;
				TARGETED_DEVICE_FAMILY = "1,2";
			};
			name = Release;
		};
/* End XCBuildConfiguration section */

/* Begin XCConfigurationList section */
		BEA0CEA12EC736F300A59C59 /* Build configuration list for PBXProject "Recall" */ = {
			isa = XCConfigurationList;
			buildConfigurations = (
				BEA0CEAF2EC736F500A59C59 /* Debug */,
				BEA0CEB02EC736F500A59C59 /* Release */,
			);
			defaultConfigurationIsVisible = 0;
			defaultConfigurationName = Release;
		};
		BEA0CEB12EC736F500A59C59 /* Build configuration list for PBXNativeTarget "Recall" */ = {
			isa = XCConfigurationList;
			buildConfigurations = (
				BEA0CEB22EC736F500A59C59 /* Debug */,
				BEA0CEB32EC736F500A59C59 /* Release */,
			);
			defaultConfigurationIsVisible = 0;
			defaultConfigurationName = Release;
		};
/* End XCConfigurationList section */

/* Begin XCRemoteSwiftPackageReference section */
		BE52506E2ECA477300D9E349 /* XCRemoteSwiftPackageReference "GoogleSignIn-iOS" */ = {
			isa = XCRemoteSwiftPackageReference;
			repositoryURL = "https://github.com/google/GoogleSignIn-iOS";
			requirement = {
				kind = upToNextMajorVersion;
				minimumVersion = 9.0.0;
			};
		};
		BEA0CEBB2EC73E3200A59C59 /* XCRemoteSwiftPackageReference "firebase-ios-sdk" */ = {
			isa = XCRemoteSwiftPackageReference;
			repositoryURL = "https://github.com/firebase/firebase-ios-sdk";
			requirement = {
				kind = upToNextMajorVersion;
				minimumVersion = 12.6.0;
			};
		};
/* End XCRemoteSwiftPackageReference section */

/* Begin XCSwiftPackageProductDependency section */
		BE52506F2ECA477300D9E349 /* GoogleSignIn */ = {
			isa = XCSwiftPackageProductDependency;
			package = BE52506E2ECA477300D9E349 /* XCRemoteSwiftPackageReference "GoogleSignIn-iOS" */;
			productName = GoogleSignIn;
		};
		BE5250712ECA477300D9E349 /* GoogleSignInSwift */ = {
			isa = XCSwiftPackageProductDependency;
			package = BE52506E2ECA477300D9E349 /* XCRemoteSwiftPackageReference "GoogleSignIn-iOS" */;
			productName = GoogleSignInSwift;
		};
		BE55543A2ECA605200EA3D83 /* FirebaseAuth */ = {
			isa = XCSwiftPackageProductDependency;
			productName = FirebaseAuth;
		};
		BE55543C2ECA605200EA3D83 /* FirebaseCore */ = {
			isa = XCSwiftPackageProductDependency;
			productName = FirebaseCore;
		};
		BE55543E2ECA605200EA3D83 /* FirebaseDatabase */ = {
			isa = XCSwiftPackageProductDependency;
			productName = FirebaseDatabase;
		};
		BE5554402ECA605200EA3D83 /* FirebaseFirestore */ = {
			isa = XCSwiftPackageProductDependency;
			productName = FirebaseFirestore;
		};
		BE5554422ECA605200EA3D83 /* FirebaseFunctions */ = {
			isa = XCSwiftPackageProductDependency;
			productName = FirebaseFunctions;
		};
		BE5554482ECA605200EA3D83 /* FirebaseStorage */ = {
			isa = XCSwiftPackageProductDependency;
			productName = FirebaseStorage;
		};
		BEF7E3D12EC7697A00D584F4 /* FirebaseAuth */ = {
			isa = XCSwiftPackageProductDependency;
			productName = FirebaseAuth;
		};
		BEF7E3D32EC7697A00D584F4 /* FirebaseCore */ = {
			isa = XCSwiftPackageProductDependency;
			productName = FirebaseCore;
		};
		BEF7E3D52EC7697A00D584F4 /* FirebaseDatabase */ = {
			isa = XCSwiftPackageProductDependency;
			productName = FirebaseDatabase;
		};
		BEF7E3D72EC7697A00D584F4 /* FirebaseFirestore */ = {
			isa = XCSwiftPackageProductDependency;
			productName = FirebaseFirestore;
		};
		BEF7E3D92EC7697A00D584F4 /* FirebaseFirestoreCombine-Community */ = {
			isa = XCSwiftPackageProductDependency;
			productName = "FirebaseFirestoreCombine-Community";
		};
		BEF7E3DB2EC7697A00D584F4 /* FirebaseFunctions */ = {
			isa = XCSwiftPackageProductDependency;
			productName = FirebaseFunctions;
		};
		BEF7E3E12EC7697A00D584F4 /* FirebaseStorage */ = {
			isa = XCSwiftPackageProductDependency;
			productName = FirebaseStorage;
		};
/* End XCSwiftPackageProductDependency section */
	};
	rootObject = BEA0CE9E2EC736F300A59C59 /* Project object */;
}
